{
    "name": "package_name",
    "version": "0.1.0",
    "lockfileVersion": 2,
    "requires": true,
    "packages": {
        "": {
            "name": "package_name",
            "version": "0.1.0",
            "license": "MIT",
            "dependencies": {
                "@david.harwardt/color": "^0.1.1",
                "@david.harwardt/math": "^0.1.1"
            },
            "devDependencies": {
                "typescript": "^4.8.3"
            }
        },
        "node_modules/@david.harwardt/color": {
            "version": "0.1.1",
            "resolved": "https://registry.npmjs.org/@david.harwardt/color/-/color-0.1.1.tgz",
            "integrity": "sha512-jHn0jLq4ddJnStrYzRFNF9e2l2cfM+epPKdzYMmZzUt5l7UU+CckPLBV+1MJcCG6NQ93l20J4rUGSsi+JHV46Q==",
            "dependencies": {
                "@david.harwardt/math": "0.1.1"
            }
        },
        "node_modules/@david.harwardt/math": {
            "version": "0.1.1",
            "resolved": "https://registry.npmjs.org/@david.harwardt/math/-/math-0.1.1.tgz",
            "integrity": "sha512-qXB4eu+SNI3GYG73k1fduEL39o4Q5pq7ZW40VFl8qRi9aCbmmcT0H+yR6K3luWiR6gGHQiTdeXxpV0DiYtmQ8Q=="
        },
        "node_modules/typescript": {
            "version": "4.8.3",
            "resolved": "https://registry.npmjs.org/typescript/-/typescript-4.8.3.tgz",
            "integrity": "sha512-goMHfm00nWPa8UvR/CPSvykqf6dVV8x/dp0c5mFTMTIu0u0FlGWRioyy7Nn0PGAdHxpJZnuO/ut+PpQ8UiHAig==",
            "dev": true,
            "bin": {
                "tsc": "bin/tsc",
                "tsserver": "bin/tsserver"
            },
            "engines": {
                "node": ">=4.2.0"
            }
        }
    },
    "dependencies": {
        "@david.harwardt/color": {
            "version": "0.1.1",
            "resolved": "https://registry.npmjs.org/@david.harwardt/color/-/color-0.1.1.tgz",
            "integrity": "sha512-jHn0jLq4ddJnStrYzRFNF9e2l2cfM+epPKdzYMmZzUt5l7UU+CckPLBV+1MJcCG6NQ93l20J4rUGSsi+JHV46Q==",
            "requires": {
                "@david.harwardt/math": "0.1.1"
            }
        },
        "@david.harwardt/math": {
            "version": "0.1.1",
            "resolved": "https://registry.npmjs.org/@david.harwardt/math/-/math-0.1.1.tgz",
            "integrity": "sha512-qXB4eu+SNI3GYG73k1fduEL39o4Q5pq7ZW40VFl8qRi9aCbmmcT0H+yR6K3luWiR6gGHQiTdeXxpV0DiYtmQ8Q=="
        },
        "typescript": {
            "version": "4.8.3",
            "resolved": "https://registry.npmjs.org/typescript/-/typescript-4.8.3.tgz",
            "integrity": "sha512-goMHfm00nWPa8UvR/CPSvykqf6dVV8x/dp0c5mFTMTIu0u0FlGWRioyy7Nn0PGAdHxpJZnuO/ut+PpQ8UiHAig==",
            "dev": true
        }
    }
}
